
Microsoft Visual Studio Solution File, Format Version 12.00
# Visual Studio Version 17
VisualStudioVersion = 17.8.34408.163
MinimumVisualStudioVersion = 10.0.40219.1
Project("{8BC9CEB8-8B4A-11D0-8D11-00A0C91BC942}") = "SHAPE2", "SHAPE2\SHAPE2.vcxproj", "{97578DBD-4B9A-4B47-ADC1-D622D12FCCF3}"
EndProject
Global
	GlobalSection(SolutionConfigurationPlatforms) = preSolution
		Debug|x64 = Debug|x64
		Debug|x86 = Debug|x86
		Release|x64 = Release|x64
		Release|x86 = Release|x86
	EndGlobalSection
	GlobalSection(ProjectConfigurationPlatforms) = postSolution
		{97578DBD-4B9A-4B47-ADC1-D622D12FCCF3}.Debug|x64.ActiveCfg = Debug|x64
		{97578DBD-4B9A-4B47-ADC1-D622D12FCCF3}.Debug|x64.Build.0 = Debug|x64
		{97578DBD-4B9A-4B47-ADC1-D622D12FCCF3}.Debug|x86.ActiveCfg = Debug|Win32
		{97578DBD-4B9A-4B47-ADC1-D622D12FCCF3}.Debug|x86.Build.0 = Debug|Win32
		{97578DBD-4B9A-4B47-ADC1-D622D12FCCF3}.Release|x64.ActiveCfg = Release|x64
		{97578DBD-4B9A-4B47-ADC1-D622D12FCCF3}.Release|x64.Build.0 = Release|x64
		{97578DBD-4B9A-4B47-ADC1-D622D12FCCF3}.Release|x86.ActiveCfg = Release|Win32
		{97578DBD-4B9A-4B47-ADC1-D622D12FCCF3}.Release|x86.Build.0 = Release|Win32
	EndGlobalSection
	GlobalSection(SolutionProperties) = preSolution
		HideSolutionNode = FALSE
	EndGlobalSection
	GlobalSection(ExtensibilityGlobals) = postSolution
		SolutionGuid = {147BAB9F-D744-459D-B47E-B08E7B97545D}
	EndGlobalSection
EndGlobal
